
Microsoft Visual Studio Solution File, Format Version 12.00
# Visual Studio Version 17
VisualStudioVersion = 17.2.32516.85
MinimumVisualStudioVersion = 10.0.40219.1
Project("{9A19103F-16F7-4668-BE54-9A1E7A4F7556}") = "Bugtracker", "Bugtracker\Bugtracker.csproj", "{BEB15BE1-8B77-42EA-89F8-165FF9AD536E}"
EndProject
Project("{9A19103F-16F7-4668-BE54-9A1E7A4F7556}") = "Tests Unitaires", "Tests Unitaires\Tests Unitaires.csproj", "{30F650A7-FA36-4CEA-BF92-6110C969DF78}"
EndProject
Project("{9A19103F-16F7-4668-BE54-9A1E7A4F7556}") = "BugTrackerLibrary", "CLBugTracker\BugTrackerLibrary.csproj", "{8790D17C-FE08-4497-9E6F-EA77EBC5CBC8}"
EndProject
Global
	GlobalSection(SolutionConfigurationPlatforms) = preSolution
		Debug|Any CPU = Debug|Any CPU
		Release|Any CPU = Release|Any CPU
	EndGlobalSection
	GlobalSection(ProjectConfigurationPlatforms) = postSolution
		{BEB15BE1-8B77-42EA-89F8-165FF9AD536E}.Debug|Any CPU.ActiveCfg = Debug|Any CPU
		{BEB15BE1-8B77-42EA-89F8-165FF9AD536E}.Debug|Any CPU.Build.0 = Debug|Any CPU
		{BEB15BE1-8B77-42EA-89F8-165FF9AD536E}.Release|Any CPU.ActiveCfg = Release|Any CPU
		{BEB15BE1-8B77-42EA-89F8-165FF9AD536E}.Release|Any CPU.Build.0 = Release|Any CPU
		{30F650A7-FA36-4CEA-BF92-6110C969DF78}.Debug|Any CPU.ActiveCfg = Debug|Any CPU
		{30F650A7-FA36-4CEA-BF92-6110C969DF78}.Debug|Any CPU.Build.0 = Debug|Any CPU
		{30F650A7-FA36-4CEA-BF92-6110C969DF78}.Release|Any CPU.ActiveCfg = Release|Any CPU
		{30F650A7-FA36-4CEA-BF92-6110C969DF78}.Release|Any CPU.Build.0 = Release|Any CPU
		{8790D17C-FE08-4497-9E6F-EA77EBC5CBC8}.Debug|Any CPU.ActiveCfg = Debug|Any CPU
		{8790D17C-FE08-4497-9E6F-EA77EBC5CBC8}.Debug|Any CPU.Build.0 = Debug|Any CPU
		{8790D17C-FE08-4497-9E6F-EA77EBC5CBC8}.Release|Any CPU.ActiveCfg = Release|Any CPU
		{8790D17C-FE08-4497-9E6F-EA77EBC5CBC8}.Release|Any CPU.Build.0 = Release|Any CPU
	EndGlobalSection
	GlobalSection(SolutionProperties) = preSolution
		HideSolutionNode = FALSE
	EndGlobalSection
	GlobalSection(ExtensibilityGlobals) = postSolution
		SolutionGuid = {138D903F-482D-4522-B6B8-7788C06B01D3}
	EndGlobalSection
EndGlobal
